
Microsoft Visual Studio Solution File, Format Version 12.00
# Visual Studio Version 17
VisualStudioVersion = 17.8.34309.116
MinimumVisualStudioVersion = 10.0.40219.1
Project("{FAE04EC0-301F-11D3-BF4B-00C04F79EFBC}") = "WindowsFormsApp2", "WindowsFormsApp2\WindowsFormsApp2.csproj", "{5AEFAE05-1DF1-4590-90DE-0973B4B6F02B}"
EndProject
Global
	GlobalSection(SolutionConfigurationPlatforms) = preSolution
		Debug|Any CPU = Debug|Any CPU
		Release|Any CPU = Release|Any CPU
	EndGlobalSection
	GlobalSection(ProjectConfigurationPlatforms) = postSolution
		{5AEFAE05-1DF1-4590-90DE-0973B4B6F02B}.Debug|Any CPU.ActiveCfg = Debug|Any CPU
		{5AEFAE05-1DF1-4590-90DE-0973B4B6F02B}.Debug|Any CPU.Build.0 = Debug|Any CPU
		{5AEFAE05-1DF1-4590-90DE-0973B4B6F02B}.Release|Any CPU.ActiveCfg = Release|Any CPU
		{5AEFAE05-1DF1-4590-90DE-0973B4B6F02B}.Release|Any CPU.Build.0 = Release|Any CPU
	EndGlobalSection
	GlobalSection(SolutionProperties) = preSolution
		HideSolutionNode = FALSE
	EndGlobalSection
	GlobalSection(ExtensibilityGlobals) = postSolution
		SolutionGuid = {97972F4B-0A91-4C61-BC85-4C6DAEA73331}
	EndGlobalSection
EndGlobal
